
Microsoft Visual Studio Solution File, Format Version 12.00
# Visual Studio Version 17
VisualStudioVersion = 17.1.32328.378
MinimumVisualStudioVersion = 10.0.40219.1
Project("{9A19103F-16F7-4668-BE54-9A1E7A4F7556}") = "LatexDrawingEditor", "LatexDrawingEditor\LatexDrawingEditor.csproj", "{31242639-B9E3-4AFD-BAE7-FAE72E107723}"
EndProject
Project("{2150E333-8FDC-42A3-9474-1A3956D46DE8}") = "Tests", "Tests", "{350250EA-3042-4DF6-B024-1A6779EE3F88}"
	ProjectSection(SolutionItems) = preProject
		LatexDrawingEditor.Test\LatexDrawingEditor.Test.csproj = LatexDrawingEditor.Test\LatexDrawingEditor.Test.csproj
	EndProjectSection
EndProject
Global
	GlobalSection(SolutionConfigurationPlatforms) = preSolution
		Debug|Any CPU = Debug|Any CPU
		Release|Any CPU = Release|Any CPU
	EndGlobalSection
	GlobalSection(ProjectConfigurationPlatforms) = postSolution
		{31242639-B9E3-4AFD-BAE7-FAE72E107723}.Debug|Any CPU.ActiveCfg = Debug|Any CPU
		{31242639-B9E3-4AFD-BAE7-FAE72E107723}.Debug|Any CPU.Build.0 = Debug|Any CPU
		{31242639-B9E3-4AFD-BAE7-FAE72E107723}.Release|Any CPU.ActiveCfg = Release|Any CPU
		{31242639-B9E3-4AFD-BAE7-FAE72E107723}.Release|Any CPU.Build.0 = Release|Any CPU
	EndGlobalSection
	GlobalSection(SolutionProperties) = preSolution
		HideSolutionNode = FALSE
	EndGlobalSection
	GlobalSection(ExtensibilityGlobals) = postSolution
		SolutionGuid = {2BB850A3-0C93-4E80-8CD8-4DAD36C82994}
	EndGlobalSection
EndGlobal
